
Microsoft Visual Studio Solution File, Format Version 12.00
# Visual Studio Version 16
VisualStudioVersion = 16.0.31410.357
MinimumVisualStudioVersion = 10.0.40219.1
Project("{FAE04EC0-301F-11D3-BF4B-00C04F79EFBC}") = "Lab03-01", "Lab03-01\Lab03-01.csproj", "{10055490-E9F5-44D0-B5EF-9019CD68A348}"
EndProject
Global
	GlobalSection(SolutionConfigurationPlatforms) = preSolution
		Debug|Any CPU = Debug|Any CPU
		Release|Any CPU = Release|Any CPU
	EndGlobalSection
	GlobalSection(ProjectConfigurationPlatforms) = postSolution
		{10055490-E9F5-44D0-B5EF-9019CD68A348}.Debug|Any CPU.ActiveCfg = Debug|Any CPU
		{10055490-E9F5-44D0-B5EF-9019CD68A348}.Debug|Any CPU.Build.0 = Debug|Any CPU
		{10055490-E9F5-44D0-B5EF-9019CD68A348}.Release|Any CPU.ActiveCfg = Release|Any CPU
		{10055490-E9F5-44D0-B5EF-9019CD68A348}.Release|Any CPU.Build.0 = Release|Any CPU
	EndGlobalSection
	GlobalSection(SolutionProperties) = preSolution
		HideSolutionNode = FALSE
	EndGlobalSection
	GlobalSection(ExtensibilityGlobals) = postSolution
		SolutionGuid = {97C50368-3A08-4F55-96F4-D2C8A1823AE9}
	EndGlobalSection
EndGlobal
